// !$*UTF8*$!
{
	archiveVersion = 1;
	classes = {
	};
	objectVersion = 56;
	objects = {

/* Begin PBXBuildFile section */
		AF55F1B32A5FDE9C00807353 /* MemoViewModel.swift in Sources */ = {isa = PBXBuildFile; fileRef = AF55F1B22A5FDE9C00807353 /* MemoViewModel.swift */; };
		AFF12B242A5D6E2900E16A8E /* macOSTestApp.swift in Sources */ = {isa = PBXBuildFile; fileRef = AFF12B232A5D6E2900E16A8E /* macOSTestApp.swift */; };
		AFF12B262A5D6E2900E16A8E /* ContentView.swift in Sources */ = {isa = PBXBuildFile; fileRef = AFF12B252A5D6E2900E16A8E /* ContentView.swift */; };
		AFF12B282A5D6E2A00E16A8E /* Assets.xcassets in Resources */ = {isa = PBXBuildFile; fileRef = AFF12B272A5D6E2A00E16A8E /* Assets.xcassets */; };
		AFF12B2B2A5D6E2A00E16A8E /* Preview Assets.xcassets in Resources */ = {isa = PBXBuildFile; fileRef = AFF12B2A2A5D6E2A00E16A8E /* Preview Assets.xcassets */; };
		AFF12B2D2A5D6E2A00E16A8E /* Persistence.swift in Sources */ = {isa = PBXBuildFile; fileRef = AFF12B2C2A5D6E2A00E16A8E /* Persistence.swift */; };
		AFF12B302A5D6E2A00E16A8E /* macOSTest.xcdatamodeld in Sources */ = {isa = PBXBuildFile; fileRef = AFF12B2E2A5D6E2A00E16A8E /* macOSTest.xcdatamodeld */; };
/* End PBXBuildFile section */

/* Begin PBXFileReference section */
		AF55F1B22A5FDE9C00807353 /* MemoViewModel.swift */ = {isa = PBXFileReference; lastKnownFileType = sourcecode.swift; path = MemoViewModel.swift; sourceTree = "<group>"; };
		AFF12B202A5D6E2900E16A8E /* macOSTest.app */ = {isa = PBXFileReference; explicitFileType = wrapper.application; includeInIndex = 0; path = macOSTest.app; sourceTree = BUILT_PRODUCTS_DIR; };
		AFF12B232A5D6E2900E16A8E /* macOSTestApp.swift */ = {isa = PBXFileReference; lastKnownFileType = sourcecode.swift; path = macOSTestApp.swift; sourceTree = "<group>"; };
		AFF12B252A5D6E2900E16A8E /* ContentView.swift */ = {isa = PBXFileReference; lastKnownFileType = sourcecode.swift; path = ContentView.swift; sourceTree = "<group>"; };
		AFF12B272A5D6E2A00E16A8E /* Assets.xcassets */ = {isa = PBXFileReference; lastKnownFileType = folder.assetcatalog; path = Assets.xcassets; sourceTree = "<group>"; };
		AFF12B2A2A5D6E2A00E16A8E /* Preview Assets.xcassets */ = {isa = PBXFileReference; lastKnownFileType = folder.assetcatalog; path = "Preview Assets.xcassets"; sourceTree = "<group>"; };
		AFF12B2C2A5D6E2A00E16A8E /* Persistence.swift */ = {isa = PBXFileReference; lastKnownFileType = sourcecode.swift; path = Persistence.swift; sourceTree = "<group>"; };
		AFF12B2F2A5D6E2A00E16A8E /* macOSTest.xcdatamodel */ = {isa = PBXFileReference; lastKnownFileType = wrapper.xcdatamodel; path = macOSTest.xcdatamodel; sourceTree = "<group>"; };
		AFF12B312A5D6E2A00E16A8E /* macOSTest.entitlements */ = {isa = PBXFileReference; lastKnownFileType = text.plist.entitlements; path = macOSTest.entitlements; sourceTree = "<group>"; };
/* End PBXFileReference section */

/* Begin PBXFrameworksBuildPhase section */
		AFF12B1D2A5D6E2900E16A8E /* Frameworks */ = {
			isa = PBXFrameworksBuildPhase;
			buildActionMask = 2147483647;
			files = (
			);
			runOnlyForDeploymentPostprocessing = 0;
		};
/* End PBXFrameworksBuildPhase section */

/* Begin PBXGroup section */
		AFF12B172A5D6E2900E16A8E = {
			isa = PBXGroup;
			children = (
				AFF12B222A5D6E2900E16A8E /* macOSTest */,
				AFF12B212A5D6E2900E16A8E /* Products */,
			);
			sourceTree = "<group>";
		};
		AFF12B212A5D6E2900E16A8E /* Products */ = {
			isa = PBXGroup;
			children = (
				AFF12B202A5D6E2900E16A8E /* macOSTest.app */,
			);
			name = Products;
			sourceTree = "<group>";
		};
		AFF12B222A5D6E2900E16A8E /* macOSTest */ = {
			isa = PBXGroup;
			children = (
				AFF12B232A5D6E2900E16A8E /* macOSTestApp.swift */,
				AFF12B252A5D6E2900E16A8E /* ContentView.swift */,
				AF55F1B22A5FDE9C00807353 /* MemoViewModel.swift */,
				AFF12B272A5D6E2A00E16A8E /* Assets.xcassets */,
				AFF12B2C2A5D6E2A00E16A8E /* Persistence.swift */,
				AFF12B312A5D6E2A00E16A8E /* macOSTest.entitlements */,
				AFF12B2E2A5D6E2A00E16A8E /* macOSTest.xcdatamodeld */,
				AFF12B292A5D6E2A00E16A8E /* Preview Content */,
			);
			path = macOSTest;
			sourceTree = "<group>";
		};
		AFF12B292A5D6E2A00E16A8E /* Preview Content */ = {
			isa = PBXGroup;
			children = (
				AFF12B2A2A5D6E2A00E16A8E /* Preview Assets.xcassets */,
			);
			path = "Preview Content";
			sourceTree = "<group>";
		};
/* End PBXGroup section */

/* Begin PBXNativeTarget section */
		AFF12B1F2A5D6E2900E16A8E /* macOSTest */ = {
			isa = PBXNativeTarget;
			buildConfigurationList = AFF12B342A5D6E2A00E16A8E /* Build configuration list for PBXNativeTarget "macOSTest" */;
			buildPhases = (
				AFF12B1C2A5D6E2900E16A8E /* Sources */,
				AFF12B1D2A5D6E2900E16A8E /* Frameworks */,
				AFF12B1E2A5D6E2900E16A8E /* Resources */,
			);
			buildRules = (
			);
			dependencies = (
			);
			name = macOSTest;
			productName = macOSTest;
			productReference = AFF12B202A5D6E2900E16A8E /* macOSTest.app */;
			productType = "com.apple.product-type.application";
		};
/* End PBXNativeTarget section */

/* Begin PBXProject section */
		AFF12B182A5D6E2900E16A8E /* Project object */ = {
			isa = PBXProject;
			attributes = {
				BuildIndependentTargetsInParallel = 1;
				LastSwiftUpdateCheck = 1430;
				LastUpgradeCheck = 1430;
				TargetAttributes = {
					AFF12B1F2A5D6E2900E16A8E = {
						CreatedOnToolsVersion = 14.3;
					};
				};
			};
			buildConfigurationList = AFF12B1B2A5D6E2900E16A8E /* Build configuration list for PBXProject "macOSTest" */;
			compatibilityVersion = "Xcode 14.0";
			developmentRegion = en;
			hasScannedForEncodings = 0;
			knownRegions = (
				en,
				Base,
			);
			mainGroup = AFF12B172A5D6E2900E16A8E;
			productRefGroup = AFF12B212A5D6E2900E16A8E /* Products */;
			projectDirPath = "";
			projectRoot = "";
			targets = (
				AFF12B1F2A5D6E2900E16A8E /* macOSTest */,
			);
		};
/* End PBXProject section */

/* Begin PBXResourcesBuildPhase section */
		AFF12B1E2A5D6E2900E16A8E /* Resources */ = {
			isa = PBXResourcesBuildPhase;
			buildActionMask = 2147483647;
			files = (
				AFF12B2B2A5D6E2A00E16A8E /* Preview Assets.xcassets in Resources */,
				AFF12B282A5D6E2A00E16A8E /* Assets.xcassets in Resources */,
			);
			runOnlyForDeploymentPostprocessing = 0;
		};
/* End PBXResourcesBuildPhase section */

/* Begin PBXSourcesBuildPhase section */
		AFF12B1C2A5D6E2900E16A8E /* Sources */ = {
			isa = PBXSourcesBuildPhase;
			buildActionMask = 2147483647;
			files = (
				AFF12B2D2A5D6E2A00E16A8E /* Persistence.swift in Sources */,
				AFF12B302A5D6E2A00E16A8E /* macOSTest.xcdatamodeld in Sources */,
				AF55F1B32A5FDE9C00807353 /* MemoViewModel.swift in Sources */,
				AFF12B262A5D6E2900E16A8E /* ContentView.swift in Sources */,
				AFF12B242A5D6E2900E16A8E /* macOSTestApp.swift in Sources */,
			);
			runOnlyForDeploymentPostprocessing = 0;
		};
/* End PBXSourcesBuildPhase section */

/* Begin XCBuildConfiguration section */
		AFF12B322A5D6E2A00E16A8E /* Debug */ = {
			isa = XCBuildConfiguration;
			buildSettings = {
				ALWAYS_SEARCH_USER_PATHS = NO;
				CLANG_ANALYZER_NONNULL = YES;
				CLANG_ANALYZER_NUMBER_OBJECT_CONVERSION = YES_AGGRESSIVE;
				CLANG_CXX_LANGUAGE_STANDARD = "gnu++20";
				CLANG_ENABLE_MODULES = YES;
				CLANG_ENABLE_OBJC_ARC = YES;
				CLANG_ENABLE_OBJC_WEAK = YES;
				CLANG_WARN_BLOCK_CAPTURE_AUTORELEASING = YES;
				CLANG_WARN_BOOL_CONVERSION = YES;
				CLANG_WARN_COMMA = YES;
				CLANG_WARN_CONSTANT_CONVERSION = YES;
				CLANG_WARN_DEPRECATED_OBJC_IMPLEMENTATIONS = YES;
				CLANG_WARN_DIRECT_OBJC_ISA_USAGE = YES_ERROR;
				CLANG_WARN_DOCUMENTATION_COMMENTS = YES;
				CLANG_WARN_EMPTY_BODY = YES;
				CLANG_WARN_ENUM_CONVERSION = YES;
				CLANG_WARN_INFINITE_RECURSION = YES;
				CLANG_WARN_INT_CONVERSION = YES;
				CLANG_WARN_NON_LITERAL_NULL_CONVERSION = YES;
				CLANG_WARN_OBJC_IMPLICIT_RETAIN_SELF = YES;
				CLANG_WARN_OBJC_LITERAL_CONVERSION = YES;
				CLANG_WARN_OBJC_ROOT_CLASS = YES_ERROR;
				CLANG_WARN_QUOTED_INCLUDE_IN_FRAMEWORK_HEADER = YES;
				CLANG_WARN_RANGE_LOOP_ANALYSIS = YES;
				CLANG_WARN_STRICT_PROTOTYPES = YES;
				CLANG_WARN_SUSPICIOUS_MOVE = YES;
				CLANG_WARN_UNGUARDED_AVAILABILITY = YES_AGGRESSIVE;
				CLANG_WARN_UNREACHABLE_CODE = YES;
				CLANG_WARN__DUPLICATE_METHOD_MATCH = YES;
				COPY_PHASE_STRIP = NO;
				DEBUG_INFORMATION_FORMAT = dwarf;
				ENABLE_STRICT_OBJC_MSGSEND = YES;
				ENABLE_TESTABILITY = YES;
				GCC_C_LANGUAGE_STANDARD = gnu11;
				GCC_DYNAMIC_NO_PIC = NO;
				GCC_NO_COMMON_BLOCKS = YES;
				GCC_OPTIMIZATION_LEVEL = 0;
				GCC_PREPROCESSOR_DEFINITIONS = (
					"DEBUG=1",
					"$(inherited)",
				);
				GCC_WARN_64_TO_32_BIT_CONVERSION = YES;
				GCC_WARN_ABOUT_RETURN_TYPE = YES_ERROR;
				GCC_WARN_UNDECLARED_SELECTOR = YES;
				GCC_WARN_UNINITIALIZED_AUTOS = YES_AGGRESSIVE;
				GCC_WARN_UNUSED_FUNCTION = YES;
				GCC_WARN_UNUSED_VARIABLE = YES;
				MACOSX_DEPLOYMENT_TARGET = 13.3;
				MTL_ENABLE_DEBUG_INFO = INCLUDE_SOURCE;
				MTL_FAST_MATH = YES;
				ONLY_ACTIVE_ARCH = YES;
				SDKROOT = macosx;
				SWIFT_ACTIVE_COMPILATION_CONDITIONS = DEBUG;
				SWIFT_OPTIMIZATION_LEVEL = "-Onone";
			};
			name = Debug;
		};
		AFF12B332A5D6E2A00E16A8E /* Release */ = {
			isa = XCBuildConfiguration;
			buildSettings = {
				ALWAYS_SEARCH_USER_PATHS = NO;
				CLANG_ANALYZER_NONNULL = YES;
				CLANG_ANALYZER_NUMBER_OBJECT_CONVERSION = YES_AGGRESSIVE;
				CLANG_CXX_LANGUAGE_STANDARD = "gnu++20";
				CLANG_ENABLE_MODULES = YES;
				CLANG_ENABLE_OBJC_ARC = YES;
				CLANG_ENABLE_OBJC_WEAK = YES;
				CLANG_WARN_BLOCK_CAPTURE_AUTORELEASING = YES;
				CLANG_WARN_BOOL_CONVERSION = YES;
				CLANG_WARN_COMMA = YES;
				CLANG_WARN_CONSTANT_CONVERSION = YES;
				CLANG_WARN_DEPRECATED_OBJC_IMPLEMENTATIONS = YES;
				CLANG_WARN_DIRECT_OBJC_ISA_USAGE = YES_ERROR;
				CLANG_WARN_DOCUMENTATION_COMMENTS = YES;
				CLANG_WARN_EMPTY_BODY = YES;
				CLANG_WARN_ENUM_CONVERSION = YES;
				CLANG_WARN_INFINITE_RECURSION = YES;
				CLANG_WARN_INT_CONVERSION = YES;
				CLANG_WARN_NON_LITERAL_NULL_CONVERSION = YES;
				CLANG_WARN_OBJC_IMPLICIT_RETAIN_SELF = YES;
				CLANG_WARN_OBJC_LITERAL_CONVERSION = YES;
				CLANG_WARN_OBJC_ROOT_CLASS = YES_ERROR;
				CLANG_WARN_QUOTED_INCLUDE_IN_FRAMEWORK_HEADER = YES;
				CLANG_WARN_RANGE_LOOP_ANALYSIS = YES;
				CLANG_WARN_STRICT_PROTOTYPES = YES;
				CLANG_WARN_SUSPICIOUS_MOVE = YES;
				CLANG_WARN_UNGUARDED_AVAILABILITY = YES_AGGRESSIVE;
				CLANG_WARN_UNREACHABLE_CODE = YES;
				CLANG_WARN__DUPLICATE_METHOD_MATCH = YES;
				COPY_PHASE_STRIP = NO;
				DEBUG_INFORMATION_FORMAT = "dwarf-with-dsym";
				ENABLE_NS_ASSERTIONS = NO;
				ENABLE_STRICT_OBJC_MSGSEND = YES;
				GCC_C_LANGUAGE_STANDARD = gnu11;
				GCC_NO_COMMON_BLOCKS = YES;
				GCC_WARN_64_TO_32_BIT_CONVERSION = YES;
				GCC_WARN_ABOUT_RETURN_TYPE = YES_ERROR;
				GCC_WARN_UNDECLARED_SELECTOR = YES;
				GCC_WARN_UNINITIALIZED_AUTOS = YES_AGGRESSIVE;
				GCC_WARN_UNUSED_FUNCTION = YES;
				GCC_WARN_UNUSED_VARIABLE = YES;
				MACOSX_DEPLOYMENT_TARGET = 13.3;
				MTL_ENABLE_DEBUG_INFO = NO;
				MTL_FAST_MATH = YES;
				SDKROOT = macosx;
				SWIFT_COMPILATION_MODE = wholemodule;
				SWIFT_OPTIMIZATION_LEVEL = "-O";
			};
			name = Release;
		};
		AFF12B352A5D6E2A00E16A8E /* Debug */ = {
			isa = XCBuildConfiguration;
			buildSettings = {
				ASSETCATALOG_COMPILER_APPICON_NAME = AppIcon;
				ASSETCATALOG_COMPILER_GLOBAL_ACCENT_COLOR_NAME = AccentColor;
				CODE_SIGN_ENTITLEMENTS = macOSTest/macOSTest.entitlements;
				"CODE_SIGN_IDENTITY[sdk=macosx*]" = "Apple Development";
				CODE_SIGN_STYLE = Automatic;
				COMBINE_HIDPI_IMAGES = YES;
				CURRENT_PROJECT_VERSION = 1;
				DEVELOPMENT_ASSET_PATHS = "\"macOSTest/Preview Content\"";
				DEVELOPMENT_TEAM = 8R3N359429;
				ENABLE_HARDENED_RUNTIME = YES;
				ENABLE_PREVIEWS = YES;
				GENERATE_INFOPLIST_FILE = YES;
				INFOPLIST_KEY_NSHumanReadableCopyright = "";
				LD_RUNPATH_SEARCH_PATHS = (
					"$(inherited)",
					"@executable_path/../Frameworks",
				);
				MARKETING_VERSION = 1.0;
				PRODUCT_BUNDLE_IDENTIFIER = com.kozi.macOSTest;
				PRODUCT_NAME = "$(TARGET_NAME)";
				SWIFT_EMIT_LOC_STRINGS = YES;
				SWIFT_VERSION = 5.0;
			};
			name = Debug;
		};
		AFF12B362A5D6E2A00E16A8E /* Release */ = {
			isa = XCBuildConfiguration;
			buildSettings = {
				ASSETCATALOG_COMPILER_APPICON_NAME = AppIcon;
				ASSETCATALOG_COMPILER_GLOBAL_ACCENT_COLOR_NAME = AccentColor;
				CODE_SIGN_ENTITLEMENTS = macOSTest/macOSTest.entitlements;
				"CODE_SIGN_IDENTITY[sdk=macosx*]" = "Apple Development";
				CODE_SIGN_STYLE = Automatic;
				COMBINE_HIDPI_IMAGES = YES;
				CURRENT_PROJECT_VERSION = 1;
				DEVELOPMENT_ASSET_PATHS = "\"macOSTest/Preview Content\"";
				DEVELOPMENT_TEAM = 8R3N359429;
				ENABLE_HARDENED_RUNTIME = YES;
				ENABLE_PREVIEWS = YES;
				GENERATE_INFOPLIST_FILE = YES;
				INFOPLIST_KEY_NSHumanReadableCopyright = "";
				LD_RUNPATH_SEARCH_PATHS = (
					"$(inherited)",
					"@executable_path/../Frameworks",
				);
				MARKETING_VERSION = 1.0;
				PRODUCT_BUNDLE_IDENTIFIER = com.kozi.macOSTest;
				PRODUCT_NAME = "$(TARGET_NAME)";
				SWIFT_EMIT_LOC_STRINGS = YES;
				SWIFT_VERSION = 5.0;
			};
			name = Release;
		};
/* End XCBuildConfiguration section */

/* Begin XCConfigurationList section */
		AFF12B1B2A5D6E2900E16A8E /* Build configuration list for PBXProject "macOSTest" */ = {
			isa = XCConfigurationList;
			buildConfigurations = (
				AFF12B322A5D6E2A00E16A8E /* Debug */,
				AFF12B332A5D6E2A00E16A8E /* Release */,
			);
			defaultConfigurationIsVisible = 0;
			defaultConfigurationName = Release;
		};
		AFF12B342A5D6E2A00E16A8E /* Build configuration list for PBXNativeTarget "macOSTest" */ = {
			isa = XCConfigurationList;
			buildConfigurations = (
				AFF12B352A5D6E2A00E16A8E /* Debug */,
				AFF12B362A5D6E2A00E16A8E /* Release */,
			);
			defaultConfigurationIsVisible = 0;
			defaultConfigurationName = Release;
		};
/* End XCConfigurationList section */

/* Begin XCVersionGroup section */
		AFF12B2E2A5D6E2A00E16A8E /* macOSTest.xcdatamodeld */ = {
			isa = XCVersionGroup;
			children = (
				AFF12B2F2A5D6E2A00E16A8E /* macOSTest.xcdatamodel */,
			);
			currentVersion = AFF12B2F2A5D6E2A00E16A8E /* macOSTest.xcdatamodel */;
			path = macOSTest.xcdatamodeld;
			sourceTree = "<group>";
			versionGroupType = wrapper.xcdatamodel;
		};
/* End XCVersionGroup section */
	};
	rootObject = AFF12B182A5D6E2900E16A8E /* Project object */;
}
